github.com/nambelaas/go-say-hello v1.0.0 h1:z/gNsmddGceqEWoZceQygsbGvcVvMX8P5YMQGBsNZ74=
github.com/nambelaas/go-say-hello v1.0.0/go.mod h1:FWABSaDqv80KAx+IH/RJNl46xnsqyqGkCdSrfKxLrr0=
github.com/nambelaas/go-say-hello v1.5.0 h1:x7vx2Ffft8PQ6e6H1cWvJnm9Zgx2IlM5kHP3tduS0wI=
github.com/nambelaas/go-say-hello v1.5.0/go.mod h1:FWABSaDqv80KAx+IH/RJNl46xnsqyqGkCdSrfKxLrr0=
